
Microsoft Visual Studio Solution File, Format Version 12.00
# Visual Studio Version 16
VisualStudioVersion = 16.0.28803.156
MinimumVisualStudioVersion = 10.0.40219.1
Project("{FAE04EC0-301F-11D3-BF4B-00C04F79EFBC}") = "Lab.App", "Lab.App\Lab.App.csproj", "{F14FF4B5-FC51-4FD6-8FAF-D3FAED2F262F}"
EndProject
Project("{FAE04EC0-301F-11D3-BF4B-00C04F79EFBC}") = "Lab.Terminal", "Lab.Terminal\Lab.Terminal.csproj", "{477ABF57-6D7B-487E-8416-A61D2AE9F60F}"
EndProject
Project("{FAE04EC0-301F-11D3-BF4B-00C04F79EFBC}") = "Lab.Service", "Lab.Service\Lab.Service.csproj", "{B7469817-114B-405F-BDA9-4111718AB33B}"
EndProject
Global
	GlobalSection(SolutionConfigurationPlatforms) = preSolution
		Debug|Any CPU = Debug|Any CPU
		Release|Any CPU = Release|Any CPU
	EndGlobalSection
	GlobalSection(ProjectConfigurationPlatforms) = postSolution
		{F14FF4B5-FC51-4FD6-8FAF-D3FAED2F262F}.Debug|Any CPU.ActiveCfg = Debug|Any CPU
		{F14FF4B5-FC51-4FD6-8FAF-D3FAED2F262F}.Debug|Any CPU.Build.0 = Debug|Any CPU
		{F14FF4B5-FC51-4FD6-8FAF-D3FAED2F262F}.Release|Any CPU.ActiveCfg = Release|Any CPU
		{F14FF4B5-FC51-4FD6-8FAF-D3FAED2F262F}.Release|Any CPU.Build.0 = Release|Any CPU
		{477ABF57-6D7B-487E-8416-A61D2AE9F60F}.Debug|Any CPU.ActiveCfg = Debug|Any CPU
		{477ABF57-6D7B-487E-8416-A61D2AE9F60F}.Debug|Any CPU.Build.0 = Debug|Any CPU
		{477ABF57-6D7B-487E-8416-A61D2AE9F60F}.Release|Any CPU.ActiveCfg = Release|Any CPU
		{477ABF57-6D7B-487E-8416-A61D2AE9F60F}.Release|Any CPU.Build.0 = Release|Any CPU
		{B7469817-114B-405F-BDA9-4111718AB33B}.Debug|Any CPU.ActiveCfg = Debug|Any CPU
		{B7469817-114B-405F-BDA9-4111718AB33B}.Debug|Any CPU.Build.0 = Debug|Any CPU
		{B7469817-114B-405F-BDA9-4111718AB33B}.Release|Any CPU.ActiveCfg = Release|Any CPU
		{B7469817-114B-405F-BDA9-4111718AB33B}.Release|Any CPU.Build.0 = Release|Any CPU
	EndGlobalSection
	GlobalSection(SolutionProperties) = preSolution
		HideSolutionNode = FALSE
	EndGlobalSection
	GlobalSection(ExtensibilityGlobals) = postSolution
		SolutionGuid = {9F940B38-88A1-4BAD-86D5-8449E0509BAA}
	EndGlobalSection
EndGlobal
