
Microsoft Visual Studio Solution File, Format Version 12.00
# Visual Studio 15
VisualStudioVersion = 15.0.28307.572
MinimumVisualStudioVersion = 10.0.40219.1
Project("{FAE04EC0-301F-11D3-BF4B-00C04F79EFBC}") = "Lab.App", "Lab.App\Lab.App.csproj", "{F14FF4B5-FC51-4FD6-8FAF-D3FAED2F262F}"
	ProjectSection(ProjectDependencies) = postProject
		{B7469817-114B-405F-BDA9-4111718AB33B} = {B7469817-114B-405F-BDA9-4111718AB33B}
	EndProjectSection
EndProject
Project("{FAE04EC0-301F-11D3-BF4B-00C04F79EFBC}") = "Lab.Terminal", "Lab.Terminal\Lab.Terminal.csproj", "{477ABF57-6D7B-487E-8416-A61D2AE9F60F}"
EndProject
Project("{FAE04EC0-301F-11D3-BF4B-00C04F79EFBC}") = "Lab.Service", "Lab.Service\Lab.Service.csproj", "{B7469817-114B-405F-BDA9-4111718AB33B}"
EndProject
Project("{FAE04EC0-301F-11D3-BF4B-00C04F79EFBC}") = "Lab.RFLCTN", "Lab.RFLCTN\Lab.RFLCTN.csproj", "{026B3BEE-CB6E-44E9-AA72-48E1632C9481}"
EndProject
Project("{FAE04EC0-301F-11D3-BF4B-00C04F79EFBC}") = "Lab.Models", "Lab.Models\Lab.Models.csproj", "{C57D6BFA-2062-4D1C-93D7-24D26470A616}"
EndProject
Project("{FAE04EC0-301F-11D3-BF4B-00C04F79EFBC}") = "Lab.Service.DataDriven", "Lab.Service.DataDriven\Lab.Service.DataDriven.csproj", "{5DD5A3FB-28EA-4FBD-B0A6-FE8A7F06046D}"
EndProject
Project("{2150E333-8FDC-42A3-9474-1A3956D46DE8}") = "Services", "Services", "{D3AC847C-FCB3-4412-81BF-91F39CFA995B}"
EndProject
Project("{2150E333-8FDC-42A3-9474-1A3956D46DE8}") = "Front", "Front", "{85517847-0E99-4F3D-9D68-29FC55FAEC66}"
EndProject
Project("{2150E333-8FDC-42A3-9474-1A3956D46DE8}") = "Libs", "Libs", "{417EDF37-955D-4E68-8638-A18BAFB209AF}"
EndProject
Project("{FAE04EC0-301F-11D3-BF4B-00C04F79EFBC}") = "Lab.Common", "Lab.Common\Lab.Common.csproj", "{59AAB6D0-231D-494F-B81B-5B4E9F4371C1}"
EndProject
Project("{FAE04EC0-301F-11D3-BF4B-00C04F79EFBC}") = "Lab.Business", "Lab.Business\Lab.Business.csproj", "{D63944B2-6455-4E07-900F-3EA703355645}"
EndProject
Project("{FAE04EC0-301F-11D3-BF4B-00C04F79EFBC}") = "Lab.Data", "Lab.Data\Lab.Data.csproj", "{3DBCCF8F-48A3-43C6-B18E-6F1925A56442}"
EndProject
Global
	GlobalSection(SolutionConfigurationPlatforms) = preSolution
		Debug|Any CPU = Debug|Any CPU
		Release|Any CPU = Release|Any CPU
	EndGlobalSection
	GlobalSection(ProjectConfigurationPlatforms) = postSolution
		{F14FF4B5-FC51-4FD6-8FAF-D3FAED2F262F}.Debug|Any CPU.ActiveCfg = Debug|Any CPU
		{F14FF4B5-FC51-4FD6-8FAF-D3FAED2F262F}.Debug|Any CPU.Build.0 = Debug|Any CPU
		{F14FF4B5-FC51-4FD6-8FAF-D3FAED2F262F}.Release|Any CPU.ActiveCfg = Release|Any CPU
		{F14FF4B5-FC51-4FD6-8FAF-D3FAED2F262F}.Release|Any CPU.Build.0 = Release|Any CPU
		{477ABF57-6D7B-487E-8416-A61D2AE9F60F}.Debug|Any CPU.ActiveCfg = Debug|Any CPU
		{477ABF57-6D7B-487E-8416-A61D2AE9F60F}.Debug|Any CPU.Build.0 = Debug|Any CPU
		{477ABF57-6D7B-487E-8416-A61D2AE9F60F}.Release|Any CPU.ActiveCfg = Release|Any CPU
		{477ABF57-6D7B-487E-8416-A61D2AE9F60F}.Release|Any CPU.Build.0 = Release|Any CPU
		{B7469817-114B-405F-BDA9-4111718AB33B}.Debug|Any CPU.ActiveCfg = Debug|Any CPU
		{B7469817-114B-405F-BDA9-4111718AB33B}.Debug|Any CPU.Build.0 = Debug|Any CPU
		{B7469817-114B-405F-BDA9-4111718AB33B}.Release|Any CPU.ActiveCfg = Release|Any CPU
		{B7469817-114B-405F-BDA9-4111718AB33B}.Release|Any CPU.Build.0 = Release|Any CPU
		{026B3BEE-CB6E-44E9-AA72-48E1632C9481}.Debug|Any CPU.ActiveCfg = Debug|Any CPU
		{026B3BEE-CB6E-44E9-AA72-48E1632C9481}.Debug|Any CPU.Build.0 = Debug|Any CPU
		{026B3BEE-CB6E-44E9-AA72-48E1632C9481}.Release|Any CPU.ActiveCfg = Release|Any CPU
		{026B3BEE-CB6E-44E9-AA72-48E1632C9481}.Release|Any CPU.Build.0 = Release|Any CPU
		{C57D6BFA-2062-4D1C-93D7-24D26470A616}.Debug|Any CPU.ActiveCfg = Debug|Any CPU
		{C57D6BFA-2062-4D1C-93D7-24D26470A616}.Debug|Any CPU.Build.0 = Debug|Any CPU
		{C57D6BFA-2062-4D1C-93D7-24D26470A616}.Release|Any CPU.ActiveCfg = Release|Any CPU
		{C57D6BFA-2062-4D1C-93D7-24D26470A616}.Release|Any CPU.Build.0 = Release|Any CPU
		{5DD5A3FB-28EA-4FBD-B0A6-FE8A7F06046D}.Debug|Any CPU.ActiveCfg = Debug|Any CPU
		{5DD5A3FB-28EA-4FBD-B0A6-FE8A7F06046D}.Debug|Any CPU.Build.0 = Debug|Any CPU
		{5DD5A3FB-28EA-4FBD-B0A6-FE8A7F06046D}.Release|Any CPU.ActiveCfg = Release|Any CPU
		{5DD5A3FB-28EA-4FBD-B0A6-FE8A7F06046D}.Release|Any CPU.Build.0 = Release|Any CPU
		{59AAB6D0-231D-494F-B81B-5B4E9F4371C1}.Debug|Any CPU.ActiveCfg = Debug|Any CPU
		{59AAB6D0-231D-494F-B81B-5B4E9F4371C1}.Debug|Any CPU.Build.0 = Debug|Any CPU
		{59AAB6D0-231D-494F-B81B-5B4E9F4371C1}.Release|Any CPU.ActiveCfg = Release|Any CPU
		{59AAB6D0-231D-494F-B81B-5B4E9F4371C1}.Release|Any CPU.Build.0 = Release|Any CPU
		{D63944B2-6455-4E07-900F-3EA703355645}.Debug|Any CPU.ActiveCfg = Debug|Any CPU
		{D63944B2-6455-4E07-900F-3EA703355645}.Debug|Any CPU.Build.0 = Debug|Any CPU
		{D63944B2-6455-4E07-900F-3EA703355645}.Release|Any CPU.ActiveCfg = Release|Any CPU
		{D63944B2-6455-4E07-900F-3EA703355645}.Release|Any CPU.Build.0 = Release|Any CPU
		{3DBCCF8F-48A3-43C6-B18E-6F1925A56442}.Debug|Any CPU.ActiveCfg = Debug|Any CPU
		{3DBCCF8F-48A3-43C6-B18E-6F1925A56442}.Debug|Any CPU.Build.0 = Debug|Any CPU
		{3DBCCF8F-48A3-43C6-B18E-6F1925A56442}.Release|Any CPU.ActiveCfg = Release|Any CPU
		{3DBCCF8F-48A3-43C6-B18E-6F1925A56442}.Release|Any CPU.Build.0 = Release|Any CPU
	EndGlobalSection
	GlobalSection(SolutionProperties) = preSolution
		HideSolutionNode = FALSE
	EndGlobalSection
	GlobalSection(NestedProjects) = preSolution
		{F14FF4B5-FC51-4FD6-8FAF-D3FAED2F262F} = {85517847-0E99-4F3D-9D68-29FC55FAEC66}
		{B7469817-114B-405F-BDA9-4111718AB33B} = {D3AC847C-FCB3-4412-81BF-91F39CFA995B}
		{026B3BEE-CB6E-44E9-AA72-48E1632C9481} = {417EDF37-955D-4E68-8638-A18BAFB209AF}
		{C57D6BFA-2062-4D1C-93D7-24D26470A616} = {417EDF37-955D-4E68-8638-A18BAFB209AF}
		{5DD5A3FB-28EA-4FBD-B0A6-FE8A7F06046D} = {D3AC847C-FCB3-4412-81BF-91F39CFA995B}
		{59AAB6D0-231D-494F-B81B-5B4E9F4371C1} = {417EDF37-955D-4E68-8638-A18BAFB209AF}
		{D63944B2-6455-4E07-900F-3EA703355645} = {417EDF37-955D-4E68-8638-A18BAFB209AF}
		{3DBCCF8F-48A3-43C6-B18E-6F1925A56442} = {417EDF37-955D-4E68-8638-A18BAFB209AF}
	EndGlobalSection
	GlobalSection(ExtensibilityGlobals) = postSolution
		SolutionGuid = {9F940B38-88A1-4BAD-86D5-8449E0509BAA}
	EndGlobalSection
EndGlobal
